{"SurveyEntry":{"SurveyID":"SV_51QOcG0ETDCaSoJ","SurveyName":"Women and everyday leader behaviors - pretest","SurveyDescription":null,"SurveyOwnerID":"UR_bloHPYVMG1BX31z","SurveyBrandID":"unibocconi","DivisionID":null,"SurveyLanguage":"EN","SurveyActiveResponseSet":"RS_b3Ioae97wXDJ3aB","SurveyStatus":"Active","SurveyStartDate":"0000-00-00 00:00:00","SurveyExpirationDate":"0000-00-00 00:00:00","SurveyCreationDate":"2019-05-15 04:27:24","CreatorID":"UR_bloHPYVMG1BX31z","LastModified":"2019-09-11 02:07:09","LastAccessed":"0000-00-00 00:00:00","LastActivated":"2019-09-10 08:24:32","Deleted":null},"SurveyElements":[{"SurveyID":"SV_51QOcG0ETDCaSoJ","Element":"BL","PrimaryAttribute":"Survey Blocks","SecondaryAttribute":null,"TertiaryAttribute":null,"Payload":[{"Type":"Default","Description":"Default Question Block","ID":"BL_3EnWdlFNHOuGfsN","BlockElements":[{"Type":"Question","QuestionID":"QID1"}]},{"Type":"Trash","Description":"Trash \/ Unused Questions","ID":"BL_8BsUrjhwGgIEMgB","BlockElements":[]},{"Type":"Standard","SubType":"","Description":"David","ID":"BL_0kCGtu2yYwQ8vSR","BlockElements":[{"Type":"Question","QuestionID":"QID2"}]},{"Type":"Standard","SubType":"","Description":"Sarah","ID":"BL_5zP2EO2D6Ui5jLv","BlockElements":[{"Type":"Question","QuestionID":"QID3"}]},{"Type":"Standard","SubType":"","Description":"Demographics","ID":"BL_0w8Bbpr7bYvHXDf","BlockElements":[{"Type":"Question","QuestionID":"QID4"},{"Type":"Question","QuestionID":"QID5"},{"Type":"Question","QuestionID":"QID9"},{"Type":"Question","QuestionID":"QID6"},{"Type":"Question","QuestionID":"QID7"},{"Type":"Page Break"},{"Type":"Question","QuestionID":"QID8"}]}]},{"SurveyID":"SV_51QOcG0ETDCaSoJ","Element":"FL","PrimaryAttribute":"Survey Flow","SecondaryAttribute":null,"TertiaryAttribute":null,"Payload":{"Type":"Root","FlowID":"FL_1","Flow":[{"Type":"Block","ID":"BL_3EnWdlFNHOuGfsN","FlowID":"FL_2"},{"Type":"Branch","FlowID":"FL_8","Description":"New Branch","BranchLogic":{"0":{"0":{"LogicType":"Question","QuestionID":"QID1","QuestionIsInLoop":"no","ChoiceLocator":"q:\/\/QID1\/SelectableChoice\/2","Operator":"Selected","QuestionIDFromLocator":"QID1","LeftOperand":"q:\/\/QID1\/SelectableChoice\/2","Type":"Expression","Description":"<span class=\"ConjDesc\">If<\/span> <span class=\"QuestionDesc\">Plain Language Statement &nbsp; Project: Leader Behavior Evaluation A\/Prof Jennifer Overbeck (Responsi...<\/span> <span class=\"LeftOpDesc\">I do NOT consent to participating in this study<\/span> <span class=\"OpDesc\">Is Selected<\/span> "},"Type":"If"},"Type":"BooleanExpression"},"Flow":[{"Type":"EndSurvey","FlowID":"FL_9","EndingType":"Advanced","Options":{"Advanced":"true","SurveyTermination":"DisplayMessage","EOSMessageLibrary":"UR_bloHPYVMG1BX31z","EOSMessage":"MS_3QmkY26waHg33nL"}}]},{"Type":"BlockRandomizer","FlowID":"FL_5","SubSet":1,"EvenPresentation":true,"Flow":[{"Type":"Standard","ID":"BL_0kCGtu2yYwQ8vSR","FlowID":"FL_3"},{"Type":"Standard","ID":"BL_5zP2EO2D6Ui5jLv","FlowID":"FL_4"}]},{"Type":"Standard","ID":"BL_0w8Bbpr7bYvHXDf","FlowID":"FL_6"}],"Properties":{"Count":9,"RemovedFieldsets":[]}}},{"SurveyID":"SV_51QOcG0ETDCaSoJ","Element":"SO","PrimaryAttribute":"Survey Options","SecondaryAttribute":null,"TertiaryAttribute":null,"Payload":{"BackButton":"false","SaveAndContinue":"true","SurveyProtection":"PublicSurvey","BallotBoxStuffingPrevention":"false","NoIndex":"Yes","SecureResponseFiles":"true","SurveyExpiration":null,"SurveyTermination":"DisplayMessage","Header":"","Footer":"","ProgressBarDisplay":"None","PartialData":"+1 week","ValidationMessage":null,"PreviousButton":" \u2190 ","NextButton":" \u2192 ","SkinLibrary":"unibocconi","SkinType":"MQ","Skin":"skin1","NewScoring":1,"EOSMessage":"MS_6gxnoeyh9nbaVpj","ShowExportTags":"false","CollectGeoLocation":"false","SurveyTitle":"Online Survey Software | Qualtrics Survey Solutions","SurveyMetaDescription":"Qualtrics sophisticated online survey software solutions make creating online surveys easy. Learn more about Research Suite and get a free account today.","PasswordProtection":"No","AnonymizeResponse":"No","Password":"","RefererCheck":"No","RefererURL":"http:\/\/","UseCustomSurveyLinkCompletedMessage":null,"SurveyLinkCompletedMessage":"","SurveyLinkCompletedMessageLibrary":"","ResponseSummary":"No","EOSMessageLibrary":"UR_bloHPYVMG1BX31z","EOSRedirectURL":"https:\/\/","EmailThankYou":"false","ThankYouEmailMessageLibrary":null,"ThankYouEmailMessage":null,"ValidateMessage":"false","ValidationMessageLibrary":null,"InactiveSurvey":"DefaultMessage","PartialDataCloseAfter":"LastActivity","ActiveResponseSet":null,"InactiveMessageLibrary":"","InactiveMessage":"","AvailableLanguages":{"EN":[]},"SurveyName":"Women and everyday leader behaviors - pretest"}},{"SurveyID":"SV_51QOcG0ETDCaSoJ","Element":"SCO","PrimaryAttribute":"Scoring","SecondaryAttribute":null,"TertiaryAttribute":null,"Payload":{"ScoringCategories":[],"ScoringCategoryGroups":[],"ScoringSummaryCategory":null,"ScoringSummaryAfterQuestions":0,"ScoringSummaryAfterSurvey":0,"DefaultScoringCategory":null,"AutoScoringCategory":null}},{"SurveyID":"SV_51QOcG0ETDCaSoJ","Element":"PROJ","PrimaryAttribute":"CORE","SecondaryAttribute":null,"TertiaryAttribute":"1.1.0","Payload":{"ProjectCategory":"CORE","SchemaVersion":"1.1.0"}},{"SurveyID":"SV_51QOcG0ETDCaSoJ","Element":"STAT","PrimaryAttribute":"Survey Statistics","SecondaryAttribute":null,"TertiaryAttribute":null,"Payload":{"MobileCompatible":true,"ID":"Survey Statistics"}},{"SurveyID":"SV_51QOcG0ETDCaSoJ","Element":"QC","PrimaryAttribute":"Survey Question Count","SecondaryAttribute":"9","TertiaryAttribute":null,"Payload":null},{"SurveyID":"SV_51QOcG0ETDCaSoJ","Element":"SQ","PrimaryAttribute":"QID6","SecondaryAttribute":"Are you currently employed?","TertiaryAttribute":null,"Payload":{"QuestionText":"Are you currently employed?","DataExportTag":"employed","QuestionType":"MC","Selector":"SAVR","SubSelector":"TX","Configuration":{"QuestionDescriptionOption":"UseText"},"QuestionDescription":"Are you currently employed?","Choices":{"1":{"Display":"Yes, full-time"},"2":{"Display":"Yes, part-time"},"3":{"Display":"Currently unemployed"}},"ChoiceOrder":[1,2,3],"Validation":{"Settings":{"ForceResponse":"OFF","ForceResponseType":"ON","Type":"None"}},"Language":[],"NextChoiceId":4,"NextAnswerId":1,"QuestionID":"QID6","DataVisibility":{"Private":false,"Hidden":false}}},{"SurveyID":"SV_51QOcG0ETDCaSoJ","Element":"SQ","PrimaryAttribute":"QID2","SecondaryAttribute":"Below is a list of behaviors managers at work might engage in. Please evaluate the extent to whic...","TertiaryAttribute":null,"Payload":{"QuestionText":"<span style=\"color: rgb(0, 0, 0); font-family: arial, helvetica, sans-serif; font-size: 16px;\">Below is a list of behaviors managers at work might engage in. Please evaluate the extent to which you consider each behavior exhibited by David, the manager, as positive or negative.<\/span>","DefaultChoices":false,"DataExportTag":"David","QuestionType":"Matrix","Selector":"Likert","SubSelector":"SingleAnswer","Configuration":{"QuestionDescriptionOption":"UseText","TextPosition":"inline","ChoiceColumnWidth":25,"RepeatHeaders":"middle","WhiteSpace":"OFF","MobileFirst":true},"QuestionDescription":"Below is a list of behaviors managers at work might engage in. Please evaluate the extent to whic...","Choices":{"1":{"Display":"David gives the whole office a party to thank everyone for all they do at the store."},"2":{"Display":"David congratulates you on being good at the job."},"3":{"Display":"David smiles and compliments everyone."},"4":{"Display":"David greets everyone in the morning."},"5":{"Display":"David communicates effectively each time you speak with him."},"6":{"Display":"David leads by example in all aspects of customer service."},"7":{"Display":"David allows for development and learning opportunities for his team without question."},"8":{"Display":"David easily adapts to others' needs."},"9":{"Display":"David exhibits integrity by always letting his team know all needed information honestly regardless of good or bad."},"10":{"Display":"David acts with integrity and treats his people well."},"11":{"Display":"David is upfront and honest."},"12":{"Display":"David treats you as an equal and involves you in decision making."},"13":{"Display":"David allows you to set a work schedule when you have other obligations."},"14":{"Display":"David shows that he's there to help and encourage you when you have problems or doubts. If you have personal problems, he takes the time to listen and help."},"15":{"Display":"David helps you get a higher certification which qualifies you for more pay."},"16":{"Display":"David encourages you by pointing out exactly what you have done that you should be proud of."},"17":{"Display":"David gets angry and throws office supplies around the room."},"18":{"Display":"David tells a few jokes that seem ambiguously racially sensitive."},"19":{"Display":"David belittles your education."},"20":{"Display":"David says something rude to a co-worker."},"21":{"Display":"David gets on your case about a job he knows nothing about."},"22":{"Display":"David doesn't give a co-worker enough training."},"23":{"Display":"David is never on time to anything."},"24":{"Display":"David doesn't answer questions or attempt to find someone to answer them."},"25":{"Display":"David picks favorites and works against the ones he doesn't like."},"26":{"Display":"David lies about receiving information."},"27":{"Display":"David lies and goes behind others' backs to get another manager fired."},"28":{"Display":"David did not follow through on something he said he would."},"29":{"Display":"David doesn't understand that you have a family emergency and punishes you."},"30":{"Display":"David withholds details you need to do your job effectively."},"31":{"Display":"Select moderately negative"},"32":{"Display":"David is not very reliable about sticking up for his team when dealing with upper management."},"33":{"Display":"David doesn't listen."},"34":{"Display":"David walks in the door."},"35":{"Display":"David sits down in a chair."},"36":{"Display":"David looks at a plane flying by through his window."},"37":{"Display":"David drives home in a car."},"38":{"Display":"David parks his car."},"39":{"Display":"David eats a burrito for lunch."},"40":{"Display":"David eats Thai food a lot."},"41":{"Display":"David does crossword puzzles during his lunch break."}},"ChoiceOrder":[1,2,3,4,5,6,7,8,9,10,11,12,13,14,15,16,17,18,19,20,21,22,23,24,25,26,27,28,29,30,31,32,33,34,35,36,37,38,39,40,41],"Validation":{"Settings":{"ForceResponse":"OFF","ForceResponseType":"ON","Type":"None"}},"GradingData":[],"Language":[],"NextChoiceId":42,"NextAnswerId":8,"Answers":{"1":{"Display":"-3 (Extremely negative)"},"2":{"Display":"-2 (Moderately negative)"},"3":{"Display":"-1<br \/>\n(Slightly negative)"},"4":{"Display":"0<br \/>\n(Neither positive nor negative)"},"5":{"Display":"1<br \/>\n(Slightly positive)"},"6":{"Display":"2 (Moderately positive)"},"7":{"Display":"3 (Extremely positive)"}},"AnswerOrder":[1,2,3,4,5,6,7],"ChoiceDataExportTags":false,"QuestionID":"QID2","Randomization":{"Advanced":null,"Type":"All","TotalRandSubset":""},"DataVisibility":{"Private":false,"Hidden":false}}},{"SurveyID":"SV_51QOcG0ETDCaSoJ","Element":"SQ","PrimaryAttribute":"QID3","SecondaryAttribute":"Below is a list of behaviors managers at work might engage in. Please evaluate the extent to whic...","TertiaryAttribute":null,"Payload":{"QuestionText":"<span style=\"color: rgb(0, 0, 0); font-family: arial, helvetica, sans-serif; font-size: 16px;\">Below is a list of behaviors managers at work might engage in. Please evaluate the extent to which you consider each behavior exhibited by Sarah, the manager, as positive or negative.<\/span>","DefaultChoices":false,"DataExportTag":"Sarah","QuestionType":"Matrix","Selector":"Likert","SubSelector":"SingleAnswer","DataVisibility":{"Private":false,"Hidden":false},"Configuration":{"QuestionDescriptionOption":"UseText","TextPosition":"inline","ChoiceColumnWidth":25,"RepeatHeaders":"middle","WhiteSpace":"OFF","MobileFirst":true},"QuestionDescription":"Below is a list of behaviors managers at work might engage in. Please evaluate the extent to whic...","Choices":{"1":{"Display":"Sarah gives the whole office a party to thank everyone for all they do at the store."},"2":{"Display":"Sarah congratulates you on being good at the job."},"3":{"Display":"Sarah smiles and compliments everyone."},"4":{"Display":"Sarah greets everyone in the morning."},"5":{"Display":"Sarah communicates effectively each time you speak with her."},"6":{"Display":"Sarah leads by example in all aspects of customer service."},"7":{"Display":"Sarah allows for development and learning opportunities for her team without question."},"8":{"Display":"Sarah easily adapts to others' needs."},"9":{"Display":"Sarah exhibits integrity by always letting her team know all needed information honestly regardless of good or bad."},"10":{"Display":"Sarah acts with integrity and treats her people well."},"11":{"Display":"Sarah is upfront and honest."},"12":{"Display":"Sarah treats you as an equal and involves you in decision making."},"13":{"Display":"Sarah allows you to set a work schedule when you have other obligations."},"14":{"Display":"Sarah shows that she's there to help and encourage you when you have problems or doubts. If you have personal problems, she takes the time to listen and help."},"15":{"Display":"Sarah helps you get a higher certification which qualifies you for more pay."},"16":{"Display":"Sarah encourages you by pointing out exactly what you have done that you should be proud of."},"17":{"Display":"Sarah gets angry and throws office supplies around the room."},"18":{"Display":"Sarah tells a few jokes that seem ambiguously racially sensitive."},"19":{"Display":"Sarah belittles your education."},"20":{"Display":"Sarah says something rude to a co-worker."},"21":{"Display":"Sarah gets on your case about a job she knows nothing about."},"22":{"Display":"Sarah doesn't give a co-worker enough training."},"23":{"Display":"Sarah is never on time to anything."},"24":{"Display":"Sarah doesn't answer questions or attempt to find someone to answer them."},"25":{"Display":"Sarah picks favorites and works against the ones he doesn't like."},"26":{"Display":"Sarah lies about receiving information."},"27":{"Display":"Sarah lies and goes behind others' backs to get another manager fired."},"28":{"Display":"Sarah did not follow through on something she said she would."},"29":{"Display":"Sarah doesn't understand that you have a family emergency and punishes you."},"30":{"Display":"Sarah withholds details you need to do your job effectively."},"31":{"Display":"Select moderately negative"},"32":{"Display":"Sarah is not very reliable about sticking up for her team when dealing with upper management."},"33":{"Display":"Sarah doesn't listen."},"34":{"Display":"Sarah walks in the door."},"35":{"Display":"Sarah sits down in a chair."},"36":{"Display":"Sarah looks at a plane flying by through her window."},"37":{"Display":"Sarah drives home in a car."},"38":{"Display":"Sarah parks her car."},"39":{"Display":"Sarah eats a burrito for lunch."},"40":{"Display":"Sarah eats Thai food a lot."},"41":{"Display":"Sarah does crossword puzzles during her lunch break."}},"ChoiceOrder":[1,2,3,4,5,6,7,8,9,10,11,12,13,14,15,16,17,18,19,20,21,22,23,24,25,26,27,28,29,30,31,32,33,34,35,36,37,38,39,40,41],"Validation":{"Settings":{"ForceResponse":"OFF","ForceResponseType":"ON","Type":"None"}},"GradingData":[],"Language":[],"NextChoiceId":42,"NextAnswerId":8,"Answers":{"1":{"Display":"-3 (Extremely negative)"},"2":{"Display":"-2 (Moderately negative)"},"3":{"Display":"-1<br \/>\n(Slightly negative)"},"4":{"Display":"0<br \/>\n(Neither positive nor negative)"},"5":{"Display":"1<br \/>\n(Slightly positive)"},"6":{"Display":"2 (Moderately positive)"},"7":{"Display":"3 (Extremely positive)"}},"AnswerOrder":["1","2","3","4","5","6","7"],"ChoiceDataExportTags":false,"QuestionID":"QID3","Randomization":{"Advanced":null,"Type":"All","TotalRandSubset":""}}},{"SurveyID":"SV_51QOcG0ETDCaSoJ","Element":"RS","PrimaryAttribute":"RS_b3Ioae97wXDJ3aB","SecondaryAttribute":"Default Response Set","TertiaryAttribute":null,"Payload":null},{"SurveyID":"SV_51QOcG0ETDCaSoJ","Element":"SQ","PrimaryAttribute":"QID7","SecondaryAttribute":"How many years of full-time work experience do you have? (please type in the number of years)","TertiaryAttribute":null,"Payload":{"QuestionText":"How many years of full-time work experience do you have? (please type in the number of years)","DefaultChoices":false,"DataExportTag":"FT_years","QuestionType":"TE","Selector":"SL","Configuration":{"QuestionDescriptionOption":"UseText","AllowFreeResponse":"false"},"QuestionDescription":"How many years of full-time work experience do you have? (please type in the number of years)","Validation":{"Settings":{"ForceResponse":"OFF","ForceResponseType":"ON","Type":"None"}},"GradingData":[],"Language":[],"NextChoiceId":4,"NextAnswerId":1,"QuestionID":"QID7","DataVisibility":{"Private":false,"Hidden":false}}},{"SurveyID":"SV_51QOcG0ETDCaSoJ","Element":"SQ","PrimaryAttribute":"QID5","SecondaryAttribute":"How old are you? (please type in)","TertiaryAttribute":null,"Payload":{"QuestionText":"How old are you? (please type in)","DefaultChoices":false,"DataExportTag":"age","QuestionType":"TE","Selector":"SL","Configuration":{"QuestionDescriptionOption":"UseText","AllowFreeResponse":"false"},"QuestionDescription":"How old are you? (please type in)","Validation":{"Settings":{"ForceResponse":"OFF","ForceResponseType":"ON","Type":"None"}},"GradingData":[],"Language":[],"NextChoiceId":4,"NextAnswerId":1,"QuestionID":"QID5","DataVisibility":{"Private":false,"Hidden":false}}},{"SurveyID":"SV_51QOcG0ETDCaSoJ","Element":"SQ","PrimaryAttribute":"QID1","SecondaryAttribute":"Plain Language Statement \u00a0 Project: Leader Behavior Evaluation A\/Prof Jennifer Overbeck (Responsi..","TertiaryAttribute":null,"Payload":{"QuestionText":"<h1 style=\"margin-top:8px\"><span style=\"font-size:13pt\"><span style=\"font-family:Calibri,sans-serif\"><span style=\"color:#1f497d\"><span style=\"font-weight:normal\"><span class=\"TitleChar\" style=\"font-family:Calibri,sans-serif\"><span style=\"color:#1f497d\"><span style=\"font-weight:bold\"><span lang=\"EN-AU\" style=\"font-size:18.0pt\">Plain Language Statement <\/span><\/span><\/span><\/span><\/span><\/span><\/span><\/span><\/h1>\n\n<h2>&nbsp;<\/h2>\n\n<h2><span style=\"font-size:12pt\"><span style=\"line-height:115%\"><span style=\"font-family:Calibri,sans-serif\"><span style=\"font-weight:normal\"><b><i><span lang=\"EN-AU\" style=\"font-size:14.0pt\"><span style=\"line-height:115%\"><span style=\"color:#1f497d\">Project: <\/span><\/span><\/span><\/i><\/b><b><i><span lang=\"EN-AU\" style=\"font-size:14.0pt\"><span style=\"line-height:115%\"><span style=\"color:black\">Leader Behavior Evaluation<\/span><\/span><\/span><\/i><\/b><\/span><\/span><\/span><\/span><\/h2>\n<br>\n<span style=\"font-size:12pt\"><span style=\"line-height:115%\"><span style=\"font-family:Calibri,sans-serif\">A\/Prof <span style=\"color:black\">Jennifer Overbeck <\/span>(Responsible Researcher)<br>\nTel: +61 3 <span style=\"color:black\">9349 8284<i> <\/i><\/span>Email: <a href=\"mailto:J.Overbeck@mbs.edu\" style=\"color:blue; text-decoration:underline\" target=\"_blank\">J.Overbeck@mbs.edu<\/a><\/span><\/span><\/span>\n\n<h3 style=\"margin-top:24px\"><span style=\"font-size:12pt\"><span style=\"line-height:115%\"><span style=\"font-family:Calibri,sans-serif\"><span style=\"color:#1f497d\"><v:line from=\"-.8pt,2.4pt\" id=\"Straight_x0020_Connector_x0020_5\" o:gfxdata=\"UEsDBBQABgAIAAAAIQC75UiUBQEAAB4CAAATAAAAW0NvbnRlbnRfVHlwZXNdLnhtbKSRvU7DMBSF\ndyTewfKKEqcMCKEmHfgZgaE8wMW+SSwc27JvS\/v23KTJgkoXFsu+P+c7Ol5vDoMTe0zZBl\/LVVlJ\ngV4HY31Xy4\/tS3EvRSbwBlzwWMsjZrlprq\/W22PELHjb51r2RPFBqax7HCCXIaLnThvSAMTP1KkI\n+gs6VLdVdad08ISeCho1ZLN+whZ2jsTzgcsnJwldluLxNDiyagkxOquB2Knae\/OLUsyEkjenmdzb\nmG\/YhlRnCWPnb8C898bRJGtQvEOiVxjYhtLOxs8AySiT4JuDystlVV4WPeM6tK3VaILeDZxIOSsu\nti\/jidNGNZ3\/J08yC1dNv9v8AAAA\/\/8DAFBLAwQUAAYACAAAACEArTA\/8cEAAAAyAQAACwAAAF9y\nZWxzLy5yZWxzhI\/NCsIwEITvgu8Q9m7TehCRpr2I4FX0AdZk2wbbJGTj39ubi6AgeJtl2G9m6vYx\njeJGka13CqqiBEFOe2Ndr+B03C3WIDihMzh6RwqexNA281l9oBFTfuLBBhaZ4ljBkFLYSMl6oAm5\n8IFcdjofJ0z5jL0MqC\/Yk1yW5UrGTwY0X0yxNwri3lQgjs+Qk\/+zfddZTVuvrxO59CNCmoj3vCwj\nMfaUFOjRhrPHaN4Wv0VV5OYgm1p+LW1eAAAA\/\/8DAFBLAwQUAAYACAAAACEAQxFDALABAAAXBAAA\nHwAAAGNsaXBib2FyZC9kcmF3aW5ncy9kcmF3aW5nMS54bWykU8uO2yAU3VfqPyD2HTuZJkqscWaR\naWdTtaNm+gFXGGw0cLGAus7fF\/AjkRWpartBPM7jngs8PPZakY5bJw2WdHWXU8KRmUpiXdIfr58\/\n7ChxHrACZZCX9MwdfTy8f\/cARW2hbSQjQQFdASVtvG+LLHOs4RrcnWk5hjNhrAYflrbOKgu\/grJW\n2TrPt5kGifRwkXoCD+Snlf8gpQx749URsAMXJBUrrnfGGhX7f2UosHu27al9sbFy9rV7sURWJQ2d\nQ9ChRTQbD0ZYWGYLVn0R6IXVEW+EIH1SOccxafDeEzZssssua77dwLLm0w10MB4MwuTKlPV4aqMr\ndsc4XWbZTFlO3oKsG0+OBpEzbyzZzPlG6pTvSsmNiotwu91+ex+0Q5b1frXZrxc5N9v8fv0xNHJO\nO9cPRWudf+ZGkzgpqZLI09uB7ovzQw0TJDV8qsH5s+Ixq8LvXISrCg1dJWZ6qPyoLOlAlRQY4+hX\nMV6wTehIE1KpmZj\/mTjiI5ULEXr2N+SZkZwNXshaorG33H0\/lSwG\/JB+SB2CjHedLb5EQo1fOP67\n6\/XhNwAAAP\/\/AwBQSwMEFAAGAAgAAAAhACtqXZXXBgAA+RsAABoAAABjbGlwYm9hcmQvdGhlbWUv\ndGhlbWUxLnhtbOxZzW8bRRS\/I\/E\/jPbext+NozpV7NgNtGmj2C3qcbwe704zu7OaGSf1DbVHJCRE\nQRyoxI0DAiq1Epfy1wSKoEj9F3gzs7veidckQQEqaA7x7tvfvO\/35uvqtQcRQ4dESMrjjle9XPEQ\niX0+oXHQ8e6MBpfWPSQVjieY8Zh0vDmR3rXNd9+5ijd8RpMxx2IyCklEEDCK5QbueKFSycbamvSB\njOVlnpAYvk25iLCCVxGsTQQ+AgERW6tVKq21CNPY2wSOSjPqM\/gXK6kJPhNDzYagGEcg\/fZ0Sn1i\nsJODqkbIuewxgQ4x63jAc8KPRuSB8hDDUsGHjlcxf97a5tU1vJEOYmrF2MK4gflLx6UDJgc1I1ME\n41xoddBoX9nO+RsAU8u4fr\/f61dzfgaAfR8stboUeTYG69VuxrMAso\/LvHuVZqXh4gv860s6t7vd\nbrOd6mKZGpB9bCzh1yutxlbNwRuQxTeX8I3uVq\/XcvAGZPGtJfzgSrvVcPEGFDIaHyyhdUAHg5R7\nDplytlMKXwf4eiWFL1CQDXl2aRFTHqtVuRbh+1wMAKCBDCsaIzVPyBT7kJM9zOhYUC0AbxBc+GJJ\nvlwiaVlI+oImquO9n+DYK0Bev\/j29Ytn6Pjh8+OHPxw\/enT88HvLyBm1g+OgOOrV15\/8\/uRD9Nuz\nr149\/qwcL4v4n7\/76KcfPy0HQvkszHv5+dNfnj99+cXHv37zuAS+JfC4CB\/RiEh0ixyhfR6BYcYr\nruZkLM43YhRiWhyxFQcSx1hLKeHfV6GDvjXHDJfgusT14F0B7aMMeH1231F4GIqZSuPtWHYjjBzg\nLuesy0WpF25oWQU3j2ZxUC5czIq4fYwPy2T3cOzEtz9LoG\/SMpa9kDhq7jEcKxyQmCikv\/EDQkr8\ndY9Sx6+71Bdc8qlC9yjqYlrqkhEdO9m0GLRDI4jLvExBiLfjm927qMtZmdXb5NBFQlVgVqL8iDDH\njdfxTOGojOUIR6zo8JtYhWVKDufCL+L6UkGkA8I46k+IlGVjbguwtxD0G9A6ysO+y+aRixSKHpTx\nvIk5LyK3+UEvxFFShh3SOCxi35MHkKIY7XFVBt\/lboXod4gDjleG+y4lTrhP7wZ3aOCotEgQ\/WUm\nSmJ5nXAnf4dzNsXEtBpo6k6vjmj8Z407gr6dGn5xjRta5csvn5To\/aa27C1wQlnN7Jxo1KtwJ9tz\nj4sJffO78zaexXsECmJ5inrbnN82Z+8\/35xX1fPFt+RFF4YGrZdMdqFtlt3RylX3lDI2VHNGbkqz\n8JYw90wGQNTjzO6S5LuwJIRHXckgwMEFApsxSHD1AVXhMMQJLNqrnmYSyJR1IFHCJWwWDbmUt8bD\nwl\/ZrWZTb0Js55BY7fKJJdc1Odtr5GyMVoHZ0GaC6prBWYXVr6RMwba\/IqyqlTqztKpRzTRFR1pu\nsnax2ZSDy3PTgJh7ExY1CJZC4OUW7O+1aNjsYEYm2u82RllYTBT+nhClVltDQjwhNkQOueDNqold\nlkJL9mnzbI6cz5u518Bppyth0mJ1\/pzRyRmDhZNh4MlqYnGxtliMjjpeu1lresjHScebwjYXHqME\ngib1MhCzAA6IfCVs1p5ai6ZIFxa3y7OqCicXKwrGKeNESLWNZWhjaD6loWKxlmT1rzUbOtkuxoCS\nZnI2LerrkCL\/mhYQaje0ZDolvioGu0DRvrOvaSfkM0XEMJwcoTGbiX0M4QefansmVMJphSlo\/QJH\na9rb5pPbW9NOUzzQMjhLxywJcdot9dFMVnEWbvpJroN5K6gHtpXqbow7vym64i\/KlGIa\/89M0dMB\nHB7UJzoCPpzTCox0pXQ8LlTIoQslIfUHAuZ90zsgW+B4Fj6D8+FQ2fwKcqh\/bc1ZHqasYQ+o9mmA\nBIXpRIWCkD1oSyb7TmFWTacey5KljExGFdSViVV7TA4JG+ke2NI92EMhpLrpJmkbMLiT+ee+pxU0\nDvQapVhvTifLp05bA\/\/0wsUWMxh1Yi2h8zfzf65iPrsvZj873gzP5siiIfrDYpXUyKrCmfza7VTU\nX1ThLBNwYa61HWvJ4lozUw6iuGwxEPP1TAJHQEj\/g\/mPCp\/ZCwg9oY74PvRWBHcP1n8IsvqS7mqQ\nQbpB2qcxrHss0SaTZmVdm658tNeyyfqCF6q53BPO1pqdJd7ndHa+iHLFObV4kc5OPez42tJWuhoi\ne7JEgTTN9iEmMGUXUbs4QeOg2vHgMggO0R7AE1wneUCraVpN0+AJ7ohgsWQvdjpe+pBR4Lul5Jh6\nRqlnmEZGaWSUZkaBxVl6hZJRWtCp9K0H3LrpHw9lFxywgksvRLKm6tzWbf4BAAD\/\/wMAUEsDBBQA\nBgAIAAAAIQCcZkZBuwAAACQBAAAqAAAAY2xpcGJvYXJkL2RyYXdpbmdzL19yZWxzL2RyYXdpbmcx\nLnhtbC5yZWxzhI\/NCsIwEITvgu8Q9m7SehCRJr2I0KvUBwjJNi02PyRR7Nsb6EVB8LIws+w3s037\nsjN5YkyTdxxqWgFBp7yenOFw6y+7I5CUpdNy9g45LJigFdtNc8VZ5nKUxikkUigucRhzDifGkhrR\nykR9QFc2g49W5iKjYUGquzTI9lV1YPGTAeKLSTrNIXa6BtIvoST\/Z\/thmBSevXpYdPlHBMulFxag\njAYzB0pXZ501LV2BiYZ9\/SbeAAAA\/\/8DAFBLAQItABQABgAIAAAAIQC75UiUBQEAAB4CAAATAAAA\nAAAAAAAAAAAAAAAAAABbQ29udGVudF9UeXBlc10ueG1sUEsBAi0AFAAGAAgAAAAhAK0wP\/HBAAAA\nMgEAAAsAAAAAAAAAAAAAAAAANgEAAF9yZWxzLy5yZWxzUEsBAi0AFAAGAAgAAAAhAEMRQwCwAQAA\nFwQAAB8AAAAAAAAAAAAAAAAAIAIAAGNsaXBib2FyZC9kcmF3aW5ncy9kcmF3aW5nMS54bWxQSwEC\nLQAUAAYACAAAACEAK2pdldcGAAD5GwAAGgAAAAAAAAAAAAAAAAANBAAAY2xpcGJvYXJkL3RoZW1l\nL3RoZW1lMS54bWxQSwECLQAUAAYACAAAACEAnGZGQbsAAAAkAQAAKgAAAAAAAAAAAAAAAAAcCwAA\nY2xpcGJvYXJkL2RyYXdpbmdzL19yZWxzL2RyYXdpbmcxLnhtbC5yZWxzUEsFBgAAAAAFAAUAZwEA\nAB8MAAAAAA==\n\" strokecolor=\"#4579b8 [3044]\" style=\"position:absolute; z-index:251660288\" to=\"440.4pt,2.4pt\">Introduction<\/v:line><\/span><\/span><\/span><\/span><\/h3>\n<br>\n<span style=\"font-size:12pt\"><span style=\"line-height:115%\"><span style=\"font-family:Calibri,sans-serif\">Thank you for your interest in participating in this research project. Please take the time to read this information carefully. You may email us with questions about anything you don\u2019t understand or want to know more about.<\/span><\/span><\/span><br>\n<span style=\"font-size:12pt\"><span style=\"line-height:115%\"><span style=\"font-family:Calibri,sans-serif\">Your participation is voluntary. If you don\u2019t wish to take part, you don\u2019t have to. If you begin participating, you can also stop at any time.<\/span><\/span><\/span>\n\n<h3 style=\"margin-top:24px\"><span style=\"font-size:12pt\"><span style=\"line-height:115%\"><span style=\"font-family:Calibri,sans-serif\"><span style=\"color:#1f497d\">What is this research about?<\/span><\/span><\/span><\/span><\/h3>\n<span style=\"font-size:12pt\"><span style=\"line-height:115%\"><span style=\"font-family:Calibri,sans-serif\">The purpose of this study is to explore your perception of various leader behaviors. &nbsp;<\/span><\/span><\/span>\n\n<h3 style=\"margin-top:24px\"><span style=\"font-size:12pt\"><span style=\"line-height:115%\"><span style=\"font-family:Calibri,sans-serif\"><span style=\"color:#1f497d\">What will I be asked to do?<\/span><\/span><\/span><\/span><\/h3>\n<span style=\"font-size:12pt\"><span style=\"line-height:115%\"><span style=\"font-family:Calibri,sans-serif\">Should you agree to participate, you will be asked to read and rate several behaviors that are commonly enacted by organizational leaders. &nbsp;Some general questions will also be asked relating to demographics. This study should take about 10 minutes to complete.<\/span><\/span><\/span>\n\n<h3 style=\"margin-top:24px\"><span style=\"font-size:12pt\"><span style=\"line-height:115%\"><span style=\"font-family:Calibri,sans-serif\"><span style=\"color:#1f497d\">What are the possible benefits?<\/span><\/span><\/span><\/span><\/h3>\n<span style=\"font-size:12pt\"><span style=\"line-height:115%\"><span style=\"font-family:Calibri,sans-serif\">You will be paid for completing this study. We hope this research will benefit society through being used as a foundation for future organisational research and helping us to understand how people are judged high in status.<\/span><\/span><\/span>\n\n<h3 style=\"margin-top:24px\"><span style=\"font-size:12pt\"><span style=\"line-height:115%\"><span style=\"font-family:Calibri,sans-serif\"><span style=\"color:#1f497d\">What are the possible risks?<\/span><\/span><\/span><\/span><\/h3>\n<span style=\"font-size:12pt\"><span style=\"line-height:115%\"><span style=\"font-family:Calibri,sans-serif\">There are no known physical or psychological risks associated with the questions.<\/span><\/span><\/span>\n\n<h3 style=\"margin-top:24px\"><span style=\"font-size:12pt\"><span style=\"line-height:115%\"><span style=\"font-family:Calibri,sans-serif\"><span style=\"color:#1f497d\">Do I have to take part?<\/span><\/span><\/span><\/span><\/h3>\n<span style=\"font-size:12pt\"><span style=\"line-height:115%\"><span style=\"font-family:Calibri,sans-serif\">No. Participation is completely voluntary. You are able to withdraw (quit) at any time. When completing the study, Qualtrics will require that all questions are answered before continuing onto the next section. If you wish to have any data withdrawn partially or completely following completion, please contact us.<\/span><\/span><\/span>\n\n<h3 style=\"margin-top:24px\"><span style=\"font-size:12pt\"><span style=\"line-height:115%\"><span style=\"font-family:Calibri,sans-serif\"><span style=\"color:#1f497d\">Will I hear about the results of this project?<\/span><\/span><\/span><\/span><\/h3>\n<span style=\"font-size:12pt\"><span style=\"line-height:115%\"><span style=\"font-family:Calibri,sans-serif\">The results of this project will not be directly released to participants. However, this research is being conducted with the expectation that results will be published in an academic journal. If this research is chosen for publication, it may take a few years to be published.<\/span><\/span><\/span>\n\n<h3 style=\"margin-top:24px\"><span style=\"font-size:12pt\"><span style=\"line-height:115%\"><span style=\"font-family:Calibri,sans-serif\"><span style=\"color:#1f497d\">What will happen to information about me?<\/span><\/span><\/span><\/span><\/h3>\n<span style=\"font-size:12pt\"><span style=\"line-height:115%\"><span style=\"font-family:Calibri,sans-serif\">All survey responses will be compiled anonymously via Qualtrics. The data will be securely stored online as a database of survey responses. In line with modern values toward open sharing of data, the dataset (still anonymous) may be posted to an open repository for public access. If you exit the survey without completing it, your data will be deleted from the file.<\/span><\/span><\/span>\n\n<h3 style=\"margin-top:24px\"><span style=\"font-size:12pt\"><span style=\"line-height:115%\"><span style=\"font-family:Calibri,sans-serif\"><span style=\"color:#1f497d\">Where can I get further information?<\/span><\/span><\/span><\/span><\/h3>\n<span style=\"font-size:12pt\"><span style=\"line-height:115%\"><span style=\"font-family:Calibri,sans-serif\">If you would like more information about the project, please contact the researcher: <span lang=\"EN-AU\" style=\"color:black\">Jennifer Overbeck <\/span>&nbsp;<a href=\"mailto:J.Overbeck@mbs.edu\" style=\"color:blue; text-decoration:underline\" target=\"_blank\">J.Overbeck@mbs.edu<\/a>.<\/span><\/span><\/span>\n\n<h3 style=\"margin-top:24px\"><span style=\"font-size:12pt\"><span style=\"line-height:115%\"><span style=\"font-family:Calibri,sans-serif\"><span style=\"color:#1f497d\">Who can I contact if I have any concerns about the project?<\/span><\/span><\/span><\/span><\/h3>\n<span style=\"font-size:12pt\"><span style=\"line-height:115%\"><span style=\"font-family:Calibri,sans-serif\">This research project has been approved by the Human Research Ethics Committee of The University of Melbourne. If you have any concerns or complaints about the conduct of this research project, which you do not wish to discuss with the research team, you should contact the Manager, Human Research Ethics, Office for Research Ethics and Integrity, University of Melbourne, VIC 3010. Tel: +61 3 8344 2073 or Email: <a href=\"mailto:HumanEthics-complaints@unimelb.edu.au?subject=Complaint%20about%20a%20human%20research%20project&amp;body=Ethics%20ID%20number%20or%20project%20name%3A%0AName%20of%20researcher%2Fs%3A%0ADetails%3A\" style=\"color:blue; text-decoration:underline\">HumanEthics-complaints@unimelb.edu.au<\/a><a href=\"mailto:HumanEthics-complaints@unimelb.edu.au?subject=Complaints%20about%20human%20research%20ethics%20project&amp;body=Ethics%20ID%20number%20of%20name%20of%20project%3A%0AName%20of%20researchers%3A\" style=\"color:blue; text-decoration:underline\">.<\/a> All complaints will be treated confidentially. In any correspondence please provide the name of the research team or the name or ethics ID number of the research project.<\/span><\/span><\/span><br>\n&nbsp;","DefaultChoices":false,"DataExportTag":"Q1","QuestionID":"QID1","QuestionType":"MC","Selector":"SAVR","SubSelector":"TX","DataVisibility":{"Private":false,"Hidden":false},"Configuration":{"QuestionDescriptionOption":"UseText"},"QuestionDescription":"Plain Language Statement \u00a0 Project: Leader Behavior Evaluation A\/Prof Jennifer Overbeck (Responsi...","Choices":{"1":{"Display":"I consent to participating in this study"},"2":{"Display":"I do NOT consent to participating in this study"}},"ChoiceOrder":[1,2],"Validation":{"Settings":{"ForceResponse":"OFF","ForceResponseType":"ON","Type":"None"}},"GradingData":[],"Language":[],"NextChoiceId":3,"NextAnswerId":1}},{"SurveyID":"SV_51QOcG0ETDCaSoJ","Element":"SQ","PrimaryAttribute":"QID9","SecondaryAttribute":"Please indicate your ethnicity (please select all that apply):","TertiaryAttribute":null,"Payload":{"QuestionText":"<span style=\"font-size:16px;\"><span style=\"font-family:arial,helvetica,sans-serif;\">Please indicate your ethnicity (please select all that apply):<\/span><\/span>","DataExportTag":"Q10","QuestionType":"MC","Selector":"MAVR","SubSelector":"TX","DataVisibility":{"Private":false,"Hidden":false},"Configuration":{"QuestionDescriptionOption":"UseText","LabelPosition":"SIDE"},"QuestionDescription":"Please indicate your ethnicity (please select all that apply):","Choices":{"1":{"Display":"American Indian\/Alaskan Native"},"2":{"Display":"Asian\/Pacific Islander"},"3":{"Display":"Hispanic"},"4":{"Display":"Black"},"5":{"Display":"White"},"6":{"Display":"Other"},"7":{"Display":"Not Disclosed"}},"ChoiceOrder":[1,2,3,4,5,6,7],"Randomization":{"Type":"None"},"Validation":{"Settings":{"ForceResponse":"RequestResponse","ForceResponseType":"RequestResponse","Type":"None"}},"RecodeValues":{"1":"1","2":"2","3":"3","4":"4","5":"5","6":"6","7":"7"},"Language":[],"NextChoiceId":8,"NextAnswerId":1,"QuestionID":"QID9"}},{"SurveyID":"SV_51QOcG0ETDCaSoJ","Element":"SQ","PrimaryAttribute":"QID8","SecondaryAttribute":"Thank you for your participation! Please click forward for your MTurk confirmation number. ","TertiaryAttribute":null,"Payload":{"QuestionText":"Thank you for your participation! Please click forward for your MTurk confirmation number.&nbsp;","DefaultChoices":false,"DataExportTag":"Q8","QuestionType":"DB","Selector":"TB","Configuration":{"QuestionDescriptionOption":"UseText"},"QuestionDescription":"Thank you for your participation! Please click forward for your MTurk confirmation number. ","ChoiceOrder":[],"Validation":{"Settings":{"Type":"None"}},"GradingData":[],"Language":[],"NextChoiceId":4,"NextAnswerId":1,"QuestionID":"QID8"}},{"SurveyID":"SV_51QOcG0ETDCaSoJ","Element":"SQ","PrimaryAttribute":"QID4","SecondaryAttribute":"What is your gender?","TertiaryAttribute":null,"Payload":{"QuestionText":"What is your gender?","DataExportTag":"gender","QuestionType":"MC","Selector":"SAVR","SubSelector":"TX","Configuration":{"QuestionDescriptionOption":"UseText"},"QuestionDescription":"What is your gender?","Choices":{"1":{"Display":"Male"},"2":{"Display":"Female"},"3":{"Display":"Non-binary"}},"ChoiceOrder":[1,2,3],"Validation":{"Settings":{"ForceResponse":"OFF","ForceResponseType":"ON","Type":"None"}},"Language":[],"NextChoiceId":4,"NextAnswerId":1,"QuestionID":"QID4","DataVisibility":{"Private":false,"Hidden":false}}}]}